
Microsoft Visual Studio Solution File, Format Version 12.00
# Visual Studio Version 17
VisualStudioVersion = 17.3.32929.385
MinimumVisualStudioVersion = 10.0.40219.1
Project("{FAE04EC0-301F-11D3-BF4B-00C04F79EFBC}") = "Calendar3", "Calendar3\Calendar3.csproj", "{8FA15E34-9EDB-455E-B076-870BEE50593B}"
EndProject
Global
	GlobalSection(SolutionConfigurationPlatforms) = preSolution
		Debug|Any CPU = Debug|Any CPU
		Release|Any CPU = Release|Any CPU
	EndGlobalSection
	GlobalSection(ProjectConfigurationPlatforms) = postSolution
		{8FA15E34-9EDB-455E-B076-870BEE50593B}.Debug|Any CPU.ActiveCfg = Debug|Any CPU
		{8FA15E34-9EDB-455E-B076-870BEE50593B}.Debug|Any CPU.Build.0 = Debug|Any CPU
		{8FA15E34-9EDB-455E-B076-870BEE50593B}.Release|Any CPU.ActiveCfg = Release|Any CPU
		{8FA15E34-9EDB-455E-B076-870BEE50593B}.Release|Any CPU.Build.0 = Release|Any CPU
	EndGlobalSection
	GlobalSection(SolutionProperties) = preSolution
		HideSolutionNode = FALSE
	EndGlobalSection
	GlobalSection(ExtensibilityGlobals) = postSolution
		SolutionGuid = {2417C4A4-0149-429C-B24F-91F8A65C25E5}
	EndGlobalSection
EndGlobal
